
Microsoft Visual Studio Solution File, Format Version 12.00
# Visual Studio Version 17
VisualStudioVersion = 17.9.34728.123
MinimumVisualStudioVersion = 10.0.40219.1
Project("{9A19103F-16F7-4668-BE54-9A1E7A4F7556}") = "UcenjeUVP", "UcenjeUVP\UcenjeUVP.csproj", "{E3FBC2FA-C55E-42B1-B014-449737274FD7}"
EndProject
Project("{9A19103F-16F7-4668-BE54-9A1E7A4F7556}") = "SpremenljivkeInTipi", "SpremenljivkeInTipi\SpremenljivkeInTipi.csproj", "{4B8397BF-7D71-418C-957B-D88590D32442}"
EndProject
Project("{9A19103F-16F7-4668-BE54-9A1E7A4F7556}") = "Operacije", "Operacije\Operacije.csproj", "{4DFA363A-E903-443E-96E7-981AB92D4CCD}"
EndProject
Project("{2150E333-8FDC-42A3-9474-1A3956D46DE8}") = "DodatneNaloge", "DodatneNaloge", "{2C6681F9-9C75-4861-807A-97DE6638D639}"
	ProjectSection(SolutionItems) = preProject
		ReadMe.txt = ReadMe.txt
	EndProjectSection
EndProject
Project("{9A19103F-16F7-4668-BE54-9A1E7A4F7556}") = "IzbirniStavkiInZanke", "IzbirniStavkiInZanke\IzbirniStavkiInZanke.csproj", "{E1E24F8C-FC75-4E13-85AF-C9FBF2FD0CDA}"
EndProject
Project("{2150E333-8FDC-42A3-9474-1A3956D46DE8}") = "Izpiti", "Izpiti", "{415CB15E-56CB-454A-9FCF-7D2DB0100E65}"
EndProject
Project("{9A19103F-16F7-4668-BE54-9A1E7A4F7556}") = "TabeleInSeznami", "TabeleInSeznami\TabeleInSeznami.csproj", "{D2CA954A-8EC9-4622-81AA-62FFF34D964C}"
EndProject
Project("{9A19103F-16F7-4668-BE54-9A1E7A4F7556}") = "PrimerIzpita", "PrimerIzpita\PrimerIzpita.csproj", "{3F9F36AC-3523-4208-B770-BC7E0D31DDAA}"
EndProject
Project("{9A19103F-16F7-4668-BE54-9A1E7A4F7556}") = "Izpit_1_2023_04_08", "Izpit_1_2023_04_08\Izpit_1_2023_04_08.csproj", "{40125913-E32B-4DF4-B1E4-4397F283C8FA}"
EndProject
Project("{9A19103F-16F7-4668-BE54-9A1E7A4F7556}") = "Izpit_2024_03_23", "Izpit_2024_03_23\Izpit_2024_03_23.csproj", "{8A073B69-5654-4471-8E03-60B50ACFB95E}"
EndProject
Project("{9A19103F-16F7-4668-BE54-9A1E7A4F7556}") = "Izpit_2024_04_06", "Izpit_2024_04_06\Izpit_2024_04_06.csproj", "{2D002E18-30EC-41B0-A6A5-397D2526C096}"
EndProject
Project("{9A19103F-16F7-4668-BE54-9A1E7A4F7556}") = "Izpit_2024_04_20", "Izpit_2024_04_20\Izpit_2024_04_20.csproj", "{D2A8738E-1F4B-4786-812B-66054181D5F0}"
EndProject
Project("{9A19103F-16F7-4668-BE54-9A1E7A4F7556}") = "Izpit_2024_06_18", "Izpit_2024_06_18\Izpit_2024_06_18.csproj", "{81925619-9C11-4FC9-BCDC-531879AB8291}"
EndProject
Project("{9A19103F-16F7-4668-BE54-9A1E7A4F7556}") = "Izpit_2024_09_26", "Izpit_2024_09_26\Izpit_2024_09_26.csproj", "{547FDED6-8678-4DA0-8504-189A4EAD2B41}"
EndProject
Project("{9A19103F-16F7-4668-BE54-9A1E7A4F7556}") = "Izpit_2023_06_30", "Izpit_2023_06_30\Izpit_2023_06_30.csproj", "{2986C90E-ACB9-4F49-B6DA-9B9C1A6D7931}"
EndProject
Project("{9A19103F-16F7-4668-BE54-9A1E7A4F7556}") = "MetodeInIzjeme", "MetodeInIzjeme\MetodeInIzjeme.csproj", "{1B86578F-9139-4488-9870-42C0018B55FD}"
EndProject
Project("{9A19103F-16F7-4668-BE54-9A1E7A4F7556}") = "DatotekeInNizi", "DatotekeInNizi\DatotekeInNizi.csproj", "{4783203C-A640-4904-AE10-2A2B9EF8C290}"
EndProject
Project("{9A19103F-16F7-4668-BE54-9A1E7A4F7556}") = "RazrediInObjekti", "RazrediInObjekti\RazrediInObjekti.csproj", "{D0847A0A-B37F-40CE-ACF8-D10866CABC45}"
EndProject
Project("{9A19103F-16F7-4668-BE54-9A1E7A4F7556}") = "DedovanjeInPolimorfizmi", "DedovanjeInPolimorfizmi\DedovanjeInPolimorfizmi.csproj", "{710BFB4F-7C85-4FDF-9C43-108051CA7877}"
EndProject
Project("{FAE04EC0-301F-11D3-BF4B-00C04F79EFBC}") = "Vislice", "Vislice\Vislice.csproj", "{9E768B48-C236-4845-8280-3EFC5AF51521}"
EndProject
Project("{FAE04EC0-301F-11D3-BF4B-00C04F79EFBC}") = "Sudoku", "Sudoku\Sudoku.csproj", "{BC3757D9-D5C9-4285-B874-1626D7889F23}"
EndProject
Project("{FAE04EC0-301F-11D3-BF4B-00C04F79EFBC}") = "StiriVVrsto", "StiriVVrsto\StiriVVrsto.csproj", "{DC8DA0CF-E7E8-44BF-9C56-CD1D99F5FCDE}"
EndProject
Project("{FAE04EC0-301F-11D3-BF4B-00C04F79EFBC}") = "KrizciInKrozci", "KrizciInKrozci\KrizciInKrozci.csproj", "{3AC4562C-9F2B-4360-B840-E2345A1A51D9}"
EndProject
Global
	GlobalSection(SolutionConfigurationPlatforms) = preSolution
		Debug|Any CPU = Debug|Any CPU
		Release|Any CPU = Release|Any CPU
	EndGlobalSection
	GlobalSection(ProjectConfigurationPlatforms) = postSolution
		{E3FBC2FA-C55E-42B1-B014-449737274FD7}.Debug|Any CPU.ActiveCfg = Debug|Any CPU
		{E3FBC2FA-C55E-42B1-B014-449737274FD7}.Debug|Any CPU.Build.0 = Debug|Any CPU
		{E3FBC2FA-C55E-42B1-B014-449737274FD7}.Release|Any CPU.ActiveCfg = Release|Any CPU
		{E3FBC2FA-C55E-42B1-B014-449737274FD7}.Release|Any CPU.Build.0 = Release|Any CPU
		{4B8397BF-7D71-418C-957B-D88590D32442}.Debug|Any CPU.ActiveCfg = Debug|Any CPU
		{4B8397BF-7D71-418C-957B-D88590D32442}.Debug|Any CPU.Build.0 = Debug|Any CPU
		{4B8397BF-7D71-418C-957B-D88590D32442}.Release|Any CPU.ActiveCfg = Release|Any CPU
		{4B8397BF-7D71-418C-957B-D88590D32442}.Release|Any CPU.Build.0 = Release|Any CPU
		{4DFA363A-E903-443E-96E7-981AB92D4CCD}.Debug|Any CPU.ActiveCfg = Debug|Any CPU
		{4DFA363A-E903-443E-96E7-981AB92D4CCD}.Debug|Any CPU.Build.0 = Debug|Any CPU
		{4DFA363A-E903-443E-96E7-981AB92D4CCD}.Release|Any CPU.ActiveCfg = Release|Any CPU
		{4DFA363A-E903-443E-96E7-981AB92D4CCD}.Release|Any CPU.Build.0 = Release|Any CPU
		{E1E24F8C-FC75-4E13-85AF-C9FBF2FD0CDA}.Debug|Any CPU.ActiveCfg = Debug|Any CPU
		{E1E24F8C-FC75-4E13-85AF-C9FBF2FD0CDA}.Debug|Any CPU.Build.0 = Debug|Any CPU
		{E1E24F8C-FC75-4E13-85AF-C9FBF2FD0CDA}.Release|Any CPU.ActiveCfg = Release|Any CPU
		{E1E24F8C-FC75-4E13-85AF-C9FBF2FD0CDA}.Release|Any CPU.Build.0 = Release|Any CPU
		{D2CA954A-8EC9-4622-81AA-62FFF34D964C}.Debug|Any CPU.ActiveCfg = Debug|Any CPU
		{D2CA954A-8EC9-4622-81AA-62FFF34D964C}.Debug|Any CPU.Build.0 = Debug|Any CPU
		{D2CA954A-8EC9-4622-81AA-62FFF34D964C}.Release|Any CPU.ActiveCfg = Release|Any CPU
		{D2CA954A-8EC9-4622-81AA-62FFF34D964C}.Release|Any CPU.Build.0 = Release|Any CPU
		{3F9F36AC-3523-4208-B770-BC7E0D31DDAA}.Debug|Any CPU.ActiveCfg = Debug|Any CPU
		{3F9F36AC-3523-4208-B770-BC7E0D31DDAA}.Debug|Any CPU.Build.0 = Debug|Any CPU
		{3F9F36AC-3523-4208-B770-BC7E0D31DDAA}.Release|Any CPU.ActiveCfg = Release|Any CPU
		{3F9F36AC-3523-4208-B770-BC7E0D31DDAA}.Release|Any CPU.Build.0 = Release|Any CPU
		{40125913-E32B-4DF4-B1E4-4397F283C8FA}.Debug|Any CPU.ActiveCfg = Debug|Any CPU
		{40125913-E32B-4DF4-B1E4-4397F283C8FA}.Debug|Any CPU.Build.0 = Debug|Any CPU
		{40125913-E32B-4DF4-B1E4-4397F283C8FA}.Release|Any CPU.ActiveCfg = Release|Any CPU
		{40125913-E32B-4DF4-B1E4-4397F283C8FA}.Release|Any CPU.Build.0 = Release|Any CPU
		{8A073B69-5654-4471-8E03-60B50ACFB95E}.Debug|Any CPU.ActiveCfg = Debug|Any CPU
		{8A073B69-5654-4471-8E03-60B50ACFB95E}.Debug|Any CPU.Build.0 = Debug|Any CPU
		{8A073B69-5654-4471-8E03-60B50ACFB95E}.Release|Any CPU.ActiveCfg = Release|Any CPU
		{8A073B69-5654-4471-8E03-60B50ACFB95E}.Release|Any CPU.Build.0 = Release|Any CPU
		{2D002E18-30EC-41B0-A6A5-397D2526C096}.Debug|Any CPU.ActiveCfg = Debug|Any CPU
		{2D002E18-30EC-41B0-A6A5-397D2526C096}.Debug|Any CPU.Build.0 = Debug|Any CPU
		{2D002E18-30EC-41B0-A6A5-397D2526C096}.Release|Any CPU.ActiveCfg = Release|Any CPU
		{2D002E18-30EC-41B0-A6A5-397D2526C096}.Release|Any CPU.Build.0 = Release|Any CPU
		{D2A8738E-1F4B-4786-812B-66054181D5F0}.Debug|Any CPU.ActiveCfg = Debug|Any CPU
		{D2A8738E-1F4B-4786-812B-66054181D5F0}.Debug|Any CPU.Build.0 = Debug|Any CPU
		{D2A8738E-1F4B-4786-812B-66054181D5F0}.Release|Any CPU.ActiveCfg = Release|Any CPU
		{D2A8738E-1F4B-4786-812B-66054181D5F0}.Release|Any CPU.Build.0 = Release|Any CPU
		{81925619-9C11-4FC9-BCDC-531879AB8291}.Debug|Any CPU.ActiveCfg = Debug|Any CPU
		{81925619-9C11-4FC9-BCDC-531879AB8291}.Debug|Any CPU.Build.0 = Debug|Any CPU
		{81925619-9C11-4FC9-BCDC-531879AB8291}.Release|Any CPU.ActiveCfg = Release|Any CPU
		{81925619-9C11-4FC9-BCDC-531879AB8291}.Release|Any CPU.Build.0 = Release|Any CPU
		{547FDED6-8678-4DA0-8504-189A4EAD2B41}.Debug|Any CPU.ActiveCfg = Debug|Any CPU
		{547FDED6-8678-4DA0-8504-189A4EAD2B41}.Debug|Any CPU.Build.0 = Debug|Any CPU
		{547FDED6-8678-4DA0-8504-189A4EAD2B41}.Release|Any CPU.ActiveCfg = Release|Any CPU
		{547FDED6-8678-4DA0-8504-189A4EAD2B41}.Release|Any CPU.Build.0 = Release|Any CPU
		{2986C90E-ACB9-4F49-B6DA-9B9C1A6D7931}.Debug|Any CPU.ActiveCfg = Debug|Any CPU
		{2986C90E-ACB9-4F49-B6DA-9B9C1A6D7931}.Debug|Any CPU.Build.0 = Debug|Any CPU
		{2986C90E-ACB9-4F49-B6DA-9B9C1A6D7931}.Release|Any CPU.ActiveCfg = Release|Any CPU
		{2986C90E-ACB9-4F49-B6DA-9B9C1A6D7931}.Release|Any CPU.Build.0 = Release|Any CPU
		{1B86578F-9139-4488-9870-42C0018B55FD}.Debug|Any CPU.ActiveCfg = Debug|Any CPU
		{1B86578F-9139-4488-9870-42C0018B55FD}.Debug|Any CPU.Build.0 = Debug|Any CPU
		{1B86578F-9139-4488-9870-42C0018B55FD}.Release|Any CPU.ActiveCfg = Release|Any CPU
		{1B86578F-9139-4488-9870-42C0018B55FD}.Release|Any CPU.Build.0 = Release|Any CPU
		{4783203C-A640-4904-AE10-2A2B9EF8C290}.Debug|Any CPU.ActiveCfg = Debug|Any CPU
		{4783203C-A640-4904-AE10-2A2B9EF8C290}.Debug|Any CPU.Build.0 = Debug|Any CPU
		{4783203C-A640-4904-AE10-2A2B9EF8C290}.Release|Any CPU.ActiveCfg = Release|Any CPU
		{4783203C-A640-4904-AE10-2A2B9EF8C290}.Release|Any CPU.Build.0 = Release|Any CPU
		{D0847A0A-B37F-40CE-ACF8-D10866CABC45}.Debug|Any CPU.ActiveCfg = Debug|Any CPU
		{D0847A0A-B37F-40CE-ACF8-D10866CABC45}.Debug|Any CPU.Build.0 = Debug|Any CPU
		{D0847A0A-B37F-40CE-ACF8-D10866CABC45}.Release|Any CPU.ActiveCfg = Release|Any CPU
		{D0847A0A-B37F-40CE-ACF8-D10866CABC45}.Release|Any CPU.Build.0 = Release|Any CPU
		{710BFB4F-7C85-4FDF-9C43-108051CA7877}.Debug|Any CPU.ActiveCfg = Debug|Any CPU
		{710BFB4F-7C85-4FDF-9C43-108051CA7877}.Debug|Any CPU.Build.0 = Debug|Any CPU
		{710BFB4F-7C85-4FDF-9C43-108051CA7877}.Release|Any CPU.ActiveCfg = Release|Any CPU
		{710BFB4F-7C85-4FDF-9C43-108051CA7877}.Release|Any CPU.Build.0 = Release|Any CPU
		{9E768B48-C236-4845-8280-3EFC5AF51521}.Debug|Any CPU.ActiveCfg = Debug|Any CPU
		{9E768B48-C236-4845-8280-3EFC5AF51521}.Debug|Any CPU.Build.0 = Debug|Any CPU
		{9E768B48-C236-4845-8280-3EFC5AF51521}.Release|Any CPU.ActiveCfg = Release|Any CPU
		{9E768B48-C236-4845-8280-3EFC5AF51521}.Release|Any CPU.Build.0 = Release|Any CPU
		{BC3757D9-D5C9-4285-B874-1626D7889F23}.Debug|Any CPU.ActiveCfg = Debug|Any CPU
		{BC3757D9-D5C9-4285-B874-1626D7889F23}.Debug|Any CPU.Build.0 = Debug|Any CPU
		{BC3757D9-D5C9-4285-B874-1626D7889F23}.Release|Any CPU.ActiveCfg = Release|Any CPU
		{BC3757D9-D5C9-4285-B874-1626D7889F23}.Release|Any CPU.Build.0 = Release|Any CPU
		{DC8DA0CF-E7E8-44BF-9C56-CD1D99F5FCDE}.Debug|Any CPU.ActiveCfg = Debug|Any CPU
		{DC8DA0CF-E7E8-44BF-9C56-CD1D99F5FCDE}.Debug|Any CPU.Build.0 = Debug|Any CPU
		{DC8DA0CF-E7E8-44BF-9C56-CD1D99F5FCDE}.Release|Any CPU.ActiveCfg = Release|Any CPU
		{DC8DA0CF-E7E8-44BF-9C56-CD1D99F5FCDE}.Release|Any CPU.Build.0 = Release|Any CPU
		{3AC4562C-9F2B-4360-B840-E2345A1A51D9}.Debug|Any CPU.ActiveCfg = Debug|Any CPU
		{3AC4562C-9F2B-4360-B840-E2345A1A51D9}.Debug|Any CPU.Build.0 = Debug|Any CPU
		{3AC4562C-9F2B-4360-B840-E2345A1A51D9}.Release|Any CPU.ActiveCfg = Release|Any CPU
		{3AC4562C-9F2B-4360-B840-E2345A1A51D9}.Release|Any CPU.Build.0 = Release|Any CPU
	EndGlobalSection
	GlobalSection(SolutionProperties) = preSolution
		HideSolutionNode = FALSE
	EndGlobalSection
	GlobalSection(NestedProjects) = preSolution
		{3F9F36AC-3523-4208-B770-BC7E0D31DDAA} = {415CB15E-56CB-454A-9FCF-7D2DB0100E65}
		{40125913-E32B-4DF4-B1E4-4397F283C8FA} = {415CB15E-56CB-454A-9FCF-7D2DB0100E65}
		{8A073B69-5654-4471-8E03-60B50ACFB95E} = {415CB15E-56CB-454A-9FCF-7D2DB0100E65}
		{2D002E18-30EC-41B0-A6A5-397D2526C096} = {415CB15E-56CB-454A-9FCF-7D2DB0100E65}
		{D2A8738E-1F4B-4786-812B-66054181D5F0} = {415CB15E-56CB-454A-9FCF-7D2DB0100E65}
		{81925619-9C11-4FC9-BCDC-531879AB8291} = {415CB15E-56CB-454A-9FCF-7D2DB0100E65}
		{547FDED6-8678-4DA0-8504-189A4EAD2B41} = {415CB15E-56CB-454A-9FCF-7D2DB0100E65}
		{2986C90E-ACB9-4F49-B6DA-9B9C1A6D7931} = {415CB15E-56CB-454A-9FCF-7D2DB0100E65}
	EndGlobalSection
	GlobalSection(ExtensibilityGlobals) = postSolution
		SolutionGuid = {AD68A873-FD69-443F-B730-80B9CAB0F1ED}
	EndGlobalSection
EndGlobal
